
Microsoft Visual Studio Solution File, Format Version 12.00
# Visual Studio 2012
Project("{FAE04EC0-301F-11D3-BF4B-00C04F79EFBC}") = "QR CODE", "QR CODE\QR CODE.csproj", "{3BC2F287-5EC9-4253-8200-9B0B9A01BFD1}"
EndProject
Global
	GlobalSection(SolutionConfigurationPlatforms) = preSolution
		Debug|Any CPU = Debug|Any CPU
		Release|Any CPU = Release|Any CPU
	EndGlobalSection
	GlobalSection(ProjectConfigurationPlatforms) = postSolution
		{3BC2F287-5EC9-4253-8200-9B0B9A01BFD1}.Debug|Any CPU.ActiveCfg = Debug|Any CPU
		{3BC2F287-5EC9-4253-8200-9B0B9A01BFD1}.Debug|Any CPU.Build.0 = Debug|Any CPU
		{3BC2F287-5EC9-4253-8200-9B0B9A01BFD1}.Release|Any CPU.ActiveCfg = Release|Any CPU
		{3BC2F287-5EC9-4253-8200-9B0B9A01BFD1}.Release|Any CPU.Build.0 = Release|Any CPU
	EndGlobalSection
	GlobalSection(SolutionProperties) = preSolution
		HideSolutionNode = FALSE
	EndGlobalSection
EndGlobal
